
Microsoft Visual Studio Solution File, Format Version 12.00
# Visual Studio Version 16
VisualStudioVersion = 16.0.33423.256
MinimumVisualStudioVersion = 10.0.40219.1
Project("{FAE04EC0-301F-11D3-BF4B-00C04F79EFBC}") = "Exercise13", "Exercise13\Exercise13.csproj", "{7E3F4CA8-4317-411F-B2D7-7F261F4C98CE}"
EndProject
Global
	GlobalSection(SolutionConfigurationPlatforms) = preSolution
		Debug|Any CPU = Debug|Any CPU
		Release|Any CPU = Release|Any CPU
	EndGlobalSection
	GlobalSection(ProjectConfigurationPlatforms) = postSolution
		{7E3F4CA8-4317-411F-B2D7-7F261F4C98CE}.Debug|Any CPU.ActiveCfg = Debug|Any CPU
		{7E3F4CA8-4317-411F-B2D7-7F261F4C98CE}.Debug|Any CPU.Build.0 = Debug|Any CPU
		{7E3F4CA8-4317-411F-B2D7-7F261F4C98CE}.Release|Any CPU.ActiveCfg = Release|Any CPU
		{7E3F4CA8-4317-411F-B2D7-7F261F4C98CE}.Release|Any CPU.Build.0 = Release|Any CPU
	EndGlobalSection
	GlobalSection(SolutionProperties) = preSolution
		HideSolutionNode = FALSE
	EndGlobalSection
	GlobalSection(ExtensibilityGlobals) = postSolution
		SolutionGuid = {3356F2B8-030D-4512-B35F-3E5C3225D57F}
	EndGlobalSection
EndGlobal
