
Microsoft Visual Studio Solution File, Format Version 12.00
# Visual Studio Version 16
VisualStudioVersion = 16.0.33423.256
MinimumVisualStudioVersion = 10.0.40219.1
Project("{FAE04EC0-301F-11D3-BF4B-00C04F79EFBC}") = "Exercise6", "Exercise6\Exercise6.csproj", "{BC1325A3-5520-4D5F-B0D6-5B75BDC690D2}"
EndProject
Global
	GlobalSection(SolutionConfigurationPlatforms) = preSolution
		Debug|Any CPU = Debug|Any CPU
		Release|Any CPU = Release|Any CPU
	EndGlobalSection
	GlobalSection(ProjectConfigurationPlatforms) = postSolution
		{BC1325A3-5520-4D5F-B0D6-5B75BDC690D2}.Debug|Any CPU.ActiveCfg = Debug|Any CPU
		{BC1325A3-5520-4D5F-B0D6-5B75BDC690D2}.Debug|Any CPU.Build.0 = Debug|Any CPU
		{BC1325A3-5520-4D5F-B0D6-5B75BDC690D2}.Release|Any CPU.ActiveCfg = Release|Any CPU
		{BC1325A3-5520-4D5F-B0D6-5B75BDC690D2}.Release|Any CPU.Build.0 = Release|Any CPU
	EndGlobalSection
	GlobalSection(SolutionProperties) = preSolution
		HideSolutionNode = FALSE
	EndGlobalSection
	GlobalSection(ExtensibilityGlobals) = postSolution
		SolutionGuid = {B29B1AB9-F5A8-402F-81E5-3B0956345202}
	EndGlobalSection
EndGlobal
