
Microsoft Visual Studio Solution File, Format Version 12.00
# Visual Studio Version 16
VisualStudioVersion = 16.0.33423.256
MinimumVisualStudioVersion = 10.0.40219.1
Project("{FAE04EC0-301F-11D3-BF4B-00C04F79EFBC}") = "LinkedList Implementation", "LinkedList Implementation\LinkedList Implementation.csproj", "{A9E9D2BB-A579-4707-82CE-3ACF4D688163}"
EndProject
Global
	GlobalSection(SolutionConfigurationPlatforms) = preSolution
		Debug|Any CPU = Debug|Any CPU
		Release|Any CPU = Release|Any CPU
	EndGlobalSection
	GlobalSection(ProjectConfigurationPlatforms) = postSolution
		{A9E9D2BB-A579-4707-82CE-3ACF4D688163}.Debug|Any CPU.ActiveCfg = Debug|Any CPU
		{A9E9D2BB-A579-4707-82CE-3ACF4D688163}.Debug|Any CPU.Build.0 = Debug|Any CPU
		{A9E9D2BB-A579-4707-82CE-3ACF4D688163}.Release|Any CPU.ActiveCfg = Release|Any CPU
		{A9E9D2BB-A579-4707-82CE-3ACF4D688163}.Release|Any CPU.Build.0 = Release|Any CPU
	EndGlobalSection
	GlobalSection(SolutionProperties) = preSolution
		HideSolutionNode = FALSE
	EndGlobalSection
	GlobalSection(ExtensibilityGlobals) = postSolution
		SolutionGuid = {DF5A1136-D712-4DC5-A50A-8BBD66E1A33D}
	EndGlobalSection
EndGlobal
